
Microsoft Visual Studio Solution File, Format Version 12.00
# Visual Studio 15
VisualStudioVersion = 15.0.28307.271
MinimumVisualStudioVersion = 10.0.40219.1
Project("{FAE04EC0-301F-11D3-BF4B-00C04F79EFBC}") = "ProblemaOne", "ProblemaOne\ProblemaOne.csproj", "{83D4AB00-74A9-464A-8DC6-AEEC780B9398}"
EndProject
Project("{FAE04EC0-301F-11D3-BF4B-00C04F79EFBC}") = "ProblemaTwo", "ProblemaTwo\ProblemaTwo.csproj", "{A0963C0A-AE7E-4C38-ACA9-B655A922831C}"
EndProject
Global
	GlobalSection(SolutionConfigurationPlatforms) = preSolution
		Debug|Any CPU = Debug|Any CPU
		Release|Any CPU = Release|Any CPU
	EndGlobalSection
	GlobalSection(ProjectConfigurationPlatforms) = postSolution
		{83D4AB00-74A9-464A-8DC6-AEEC780B9398}.Debug|Any CPU.ActiveCfg = Debug|Any CPU
		{83D4AB00-74A9-464A-8DC6-AEEC780B9398}.Debug|Any CPU.Build.0 = Debug|Any CPU
		{83D4AB00-74A9-464A-8DC6-AEEC780B9398}.Release|Any CPU.ActiveCfg = Release|Any CPU
		{83D4AB00-74A9-464A-8DC6-AEEC780B9398}.Release|Any CPU.Build.0 = Release|Any CPU
		{A0963C0A-AE7E-4C38-ACA9-B655A922831C}.Debug|Any CPU.ActiveCfg = Debug|Any CPU
		{A0963C0A-AE7E-4C38-ACA9-B655A922831C}.Debug|Any CPU.Build.0 = Debug|Any CPU
		{A0963C0A-AE7E-4C38-ACA9-B655A922831C}.Release|Any CPU.ActiveCfg = Release|Any CPU
		{A0963C0A-AE7E-4C38-ACA9-B655A922831C}.Release|Any CPU.Build.0 = Release|Any CPU
	EndGlobalSection
	GlobalSection(SolutionProperties) = preSolution
		HideSolutionNode = FALSE
	EndGlobalSection
	GlobalSection(ExtensibilityGlobals) = postSolution
		SolutionGuid = {377C04D7-D85C-4DF2-ABD2-D6AC8D87E4B2}
	EndGlobalSection
EndGlobal
